
Microsoft Visual Studio Solution File, Format Version 12.00
# Visual Studio Version 16
VisualStudioVersion = 16.0.30907.101
MinimumVisualStudioVersion = 10.0.40219.1
Project("{FAE04EC0-301F-11D3-BF4B-00C04F79EFBC}") = "053501_Shlyapo_Lab10", "053501_Shlyapo_Lab10\053501_Shlyapo_Lab10.csproj", "{212E30E5-AE43-4BA5-9CD3-7E0EA152DEC5}"
EndProject
Project("{FAE04EC0-301F-11D3-BF4B-00C04F79EFBC}") = "Employeee", "Employee\Employeee.csproj", "{209159F4-E924-49E3-997B-B01331AF828D}"
EndProject
Project("{FAE04EC0-301F-11D3-BF4B-00C04F79EFBC}") = "FileService", "FileService\FileService.csproj", "{A660E9ED-18CE-4E06-B962-A7732D7913FE}"
EndProject
Global
	GlobalSection(SolutionConfigurationPlatforms) = preSolution
		Debug|Any CPU = Debug|Any CPU
		Release|Any CPU = Release|Any CPU
	EndGlobalSection
	GlobalSection(ProjectConfigurationPlatforms) = postSolution
		{212E30E5-AE43-4BA5-9CD3-7E0EA152DEC5}.Debug|Any CPU.ActiveCfg = Debug|Any CPU
		{212E30E5-AE43-4BA5-9CD3-7E0EA152DEC5}.Debug|Any CPU.Build.0 = Debug|Any CPU
		{212E30E5-AE43-4BA5-9CD3-7E0EA152DEC5}.Release|Any CPU.ActiveCfg = Release|Any CPU
		{212E30E5-AE43-4BA5-9CD3-7E0EA152DEC5}.Release|Any CPU.Build.0 = Release|Any CPU
		{209159F4-E924-49E3-997B-B01331AF828D}.Debug|Any CPU.ActiveCfg = Debug|Any CPU
		{209159F4-E924-49E3-997B-B01331AF828D}.Debug|Any CPU.Build.0 = Debug|Any CPU
		{209159F4-E924-49E3-997B-B01331AF828D}.Release|Any CPU.ActiveCfg = Release|Any CPU
		{209159F4-E924-49E3-997B-B01331AF828D}.Release|Any CPU.Build.0 = Release|Any CPU
		{A660E9ED-18CE-4E06-B962-A7732D7913FE}.Debug|Any CPU.ActiveCfg = Debug|Any CPU
		{A660E9ED-18CE-4E06-B962-A7732D7913FE}.Debug|Any CPU.Build.0 = Debug|Any CPU
		{A660E9ED-18CE-4E06-B962-A7732D7913FE}.Release|Any CPU.ActiveCfg = Release|Any CPU
		{A660E9ED-18CE-4E06-B962-A7732D7913FE}.Release|Any CPU.Build.0 = Release|Any CPU
	EndGlobalSection
	GlobalSection(SolutionProperties) = preSolution
		HideSolutionNode = FALSE
	EndGlobalSection
	GlobalSection(ExtensibilityGlobals) = postSolution
		SolutionGuid = {F16075AC-65CE-4305-A324-AB5A928AA7E6}
	EndGlobalSection
EndGlobal
