
Microsoft Visual Studio Solution File, Format Version 12.00
# Visual Studio Version 16
VisualStudioVersion = 16.0.30907.101
MinimumVisualStudioVersion = 10.0.40219.1
Project("{FAE04EC0-301F-11D3-BF4B-00C04F79EFBC}") = "053501_Shlyapo_4", "053501_Shlyapo_4\053501_Shlyapo_4.csproj", "{EF7C0911-4E0F-49A3-9E08-4CCFB87B6517}"
EndProject
Global
	GlobalSection(SolutionConfigurationPlatforms) = preSolution
		Debug|Any CPU = Debug|Any CPU
		Release|Any CPU = Release|Any CPU
	EndGlobalSection
	GlobalSection(ProjectConfigurationPlatforms) = postSolution
		{EF7C0911-4E0F-49A3-9E08-4CCFB87B6517}.Debug|Any CPU.ActiveCfg = Debug|Any CPU
		{EF7C0911-4E0F-49A3-9E08-4CCFB87B6517}.Debug|Any CPU.Build.0 = Debug|Any CPU
		{EF7C0911-4E0F-49A3-9E08-4CCFB87B6517}.Release|Any CPU.ActiveCfg = Release|Any CPU
		{EF7C0911-4E0F-49A3-9E08-4CCFB87B6517}.Release|Any CPU.Build.0 = Release|Any CPU
	EndGlobalSection
	GlobalSection(SolutionProperties) = preSolution
		HideSolutionNode = FALSE
	EndGlobalSection
	GlobalSection(ExtensibilityGlobals) = postSolution
		SolutionGuid = {00CBEEA4-3585-431A-9611-132AE303D0EE}
	EndGlobalSection
EndGlobal
