
Microsoft Visual Studio Solution File, Format Version 12.00
# Visual Studio Version 16
VisualStudioVersion = 16.0.30907.101
MinimumVisualStudioVersion = 10.0.40219.1
Project("{FAE04EC0-301F-11D3-BF4B-00C04F79EFBC}") = "laba_2_stroka", "laba_2_stroka\laba_2_stroka.csproj", "{B231100C-AFD9-4D94-AE8D-1D8416C5B8A7}"
EndProject
Global
	GlobalSection(SolutionConfigurationPlatforms) = preSolution
		Debug|Any CPU = Debug|Any CPU
		Release|Any CPU = Release|Any CPU
	EndGlobalSection
	GlobalSection(ProjectConfigurationPlatforms) = postSolution
		{B231100C-AFD9-4D94-AE8D-1D8416C5B8A7}.Debug|Any CPU.ActiveCfg = Debug|Any CPU
		{B231100C-AFD9-4D94-AE8D-1D8416C5B8A7}.Debug|Any CPU.Build.0 = Debug|Any CPU
		{B231100C-AFD9-4D94-AE8D-1D8416C5B8A7}.Release|Any CPU.ActiveCfg = Release|Any CPU
		{B231100C-AFD9-4D94-AE8D-1D8416C5B8A7}.Release|Any CPU.Build.0 = Release|Any CPU
	EndGlobalSection
	GlobalSection(SolutionProperties) = preSolution
		HideSolutionNode = FALSE
	EndGlobalSection
	GlobalSection(ExtensibilityGlobals) = postSolution
		SolutionGuid = {690C8AF9-8D65-4C5C-A63F-16F8238ED9AA}
	EndGlobalSection
EndGlobal
