
Microsoft Visual Studio Solution File, Format Version 12.00
# Visual Studio Version 16
VisualStudioVersion = 16.0.31205.134
MinimumVisualStudioVersion = 10.0.40219.1
Project("{FAE04EC0-301F-11D3-BF4B-00C04F79EFBC}") = "instrumental", "instrumental\instrumental.csproj", "{1E3571EC-2976-448B-9831-E95DC4E20FAC}"
EndProject
Global
	GlobalSection(SolutionConfigurationPlatforms) = preSolution
		Debug|Any CPU = Debug|Any CPU
		Release|Any CPU = Release|Any CPU
	EndGlobalSection
	GlobalSection(ProjectConfigurationPlatforms) = postSolution
		{1E3571EC-2976-448B-9831-E95DC4E20FAC}.Debug|Any CPU.ActiveCfg = Debug|Any CPU
		{1E3571EC-2976-448B-9831-E95DC4E20FAC}.Debug|Any CPU.Build.0 = Debug|Any CPU
		{1E3571EC-2976-448B-9831-E95DC4E20FAC}.Release|Any CPU.ActiveCfg = Release|Any CPU
		{1E3571EC-2976-448B-9831-E95DC4E20FAC}.Release|Any CPU.Build.0 = Release|Any CPU
	EndGlobalSection
	GlobalSection(SolutionProperties) = preSolution
		HideSolutionNode = FALSE
	EndGlobalSection
	GlobalSection(ExtensibilityGlobals) = postSolution
		SolutionGuid = {DF9D656D-D801-4156-93E9-98FDAA37C5AC}
	EndGlobalSection
EndGlobal
